
Microsoft Visual Studio Solution File, Format Version 12.00
# Visual Studio 15
VisualStudioVersion = 15.0.28307.168
MinimumVisualStudioVersion = 10.0.40219.1
Project("{8BC9CEB8-8B4A-11D0-8D11-00A0C91BC942}") = "골든바흐의 추측", "골든바흐의 추측\골든바흐의 추측.vcxproj", "{F0FCE812-6ECF-4633-984F-4B9341D8B63D}"
EndProject
Global
	GlobalSection(SolutionConfigurationPlatforms) = preSolution
		Debug|x64 = Debug|x64
		Debug|x86 = Debug|x86
		Release|x64 = Release|x64
		Release|x86 = Release|x86
	EndGlobalSection
	GlobalSection(ProjectConfigurationPlatforms) = postSolution
		{F0FCE812-6ECF-4633-984F-4B9341D8B63D}.Debug|x64.ActiveCfg = Debug|x64
		{F0FCE812-6ECF-4633-984F-4B9341D8B63D}.Debug|x64.Build.0 = Debug|x64
		{F0FCE812-6ECF-4633-984F-4B9341D8B63D}.Debug|x86.ActiveCfg = Debug|Win32
		{F0FCE812-6ECF-4633-984F-4B9341D8B63D}.Debug|x86.Build.0 = Debug|Win32
		{F0FCE812-6ECF-4633-984F-4B9341D8B63D}.Release|x64.ActiveCfg = Release|x64
		{F0FCE812-6ECF-4633-984F-4B9341D8B63D}.Release|x64.Build.0 = Release|x64
		{F0FCE812-6ECF-4633-984F-4B9341D8B63D}.Release|x86.ActiveCfg = Release|Win32
		{F0FCE812-6ECF-4633-984F-4B9341D8B63D}.Release|x86.Build.0 = Release|Win32
	EndGlobalSection
	GlobalSection(SolutionProperties) = preSolution
		HideSolutionNode = FALSE
	EndGlobalSection
	GlobalSection(ExtensibilityGlobals) = postSolution
		SolutionGuid = {6EEF85E6-0F53-4995-B06F-D7B2C02E58EC}
	EndGlobalSection
EndGlobal
