
Microsoft Visual Studio Solution File, Format Version 12.00
# Visual Studio 15
VisualStudioVersion = 15.0.27703.2018
MinimumVisualStudioVersion = 10.0.40219.1
Project("{8BC9CEB8-8B4A-11D0-8D11-00A0C91BC942}") = "2007년", "2007년\2007년.vcxproj", "{E0A281AC-8F61-40CB-8E66-ACA701DD2F0A}"
EndProject
Global
	GlobalSection(SolutionConfigurationPlatforms) = preSolution
		Debug|x64 = Debug|x64
		Debug|x86 = Debug|x86
		Release|x64 = Release|x64
		Release|x86 = Release|x86
	EndGlobalSection
	GlobalSection(ProjectConfigurationPlatforms) = postSolution
		{E0A281AC-8F61-40CB-8E66-ACA701DD2F0A}.Debug|x64.ActiveCfg = Debug|x64
		{E0A281AC-8F61-40CB-8E66-ACA701DD2F0A}.Debug|x64.Build.0 = Debug|x64
		{E0A281AC-8F61-40CB-8E66-ACA701DD2F0A}.Debug|x86.ActiveCfg = Debug|Win32
		{E0A281AC-8F61-40CB-8E66-ACA701DD2F0A}.Debug|x86.Build.0 = Debug|Win32
		{E0A281AC-8F61-40CB-8E66-ACA701DD2F0A}.Release|x64.ActiveCfg = Release|x64
		{E0A281AC-8F61-40CB-8E66-ACA701DD2F0A}.Release|x64.Build.0 = Release|x64
		{E0A281AC-8F61-40CB-8E66-ACA701DD2F0A}.Release|x86.ActiveCfg = Release|Win32
		{E0A281AC-8F61-40CB-8E66-ACA701DD2F0A}.Release|x86.Build.0 = Release|Win32
	EndGlobalSection
	GlobalSection(SolutionProperties) = preSolution
		HideSolutionNode = FALSE
	EndGlobalSection
	GlobalSection(ExtensibilityGlobals) = postSolution
		SolutionGuid = {BCBA0DD5-7C6C-45A9-898F-2B662590E764}
	EndGlobalSection
EndGlobal
