
Microsoft Visual Studio Solution File, Format Version 12.00
# Visual Studio 15
VisualStudioVersion = 15.0.28307.271
MinimumVisualStudioVersion = 10.0.40219.1
Project("{8BC9CEB8-8B4A-11D0-8D11-00A0C91BC942}") = "토너먼트", "토너먼트\토너먼트.vcxproj", "{F3EFD600-C67D-490A-B64A-27E5A052AF91}"
EndProject
Global
	GlobalSection(SolutionConfigurationPlatforms) = preSolution
		Debug|x64 = Debug|x64
		Debug|x86 = Debug|x86
		Release|x64 = Release|x64
		Release|x86 = Release|x86
	EndGlobalSection
	GlobalSection(ProjectConfigurationPlatforms) = postSolution
		{F3EFD600-C67D-490A-B64A-27E5A052AF91}.Debug|x64.ActiveCfg = Debug|x64
		{F3EFD600-C67D-490A-B64A-27E5A052AF91}.Debug|x64.Build.0 = Debug|x64
		{F3EFD600-C67D-490A-B64A-27E5A052AF91}.Debug|x86.ActiveCfg = Debug|Win32
		{F3EFD600-C67D-490A-B64A-27E5A052AF91}.Debug|x86.Build.0 = Debug|Win32
		{F3EFD600-C67D-490A-B64A-27E5A052AF91}.Release|x64.ActiveCfg = Release|x64
		{F3EFD600-C67D-490A-B64A-27E5A052AF91}.Release|x64.Build.0 = Release|x64
		{F3EFD600-C67D-490A-B64A-27E5A052AF91}.Release|x86.ActiveCfg = Release|Win32
		{F3EFD600-C67D-490A-B64A-27E5A052AF91}.Release|x86.Build.0 = Release|Win32
	EndGlobalSection
	GlobalSection(SolutionProperties) = preSolution
		HideSolutionNode = FALSE
	EndGlobalSection
	GlobalSection(ExtensibilityGlobals) = postSolution
		SolutionGuid = {5CC8F4C8-4CF1-4BE6-A6F5-2A79A57B5217}
	EndGlobalSection
EndGlobal
