
Microsoft Visual Studio Solution File, Format Version 12.00
# Visual Studio 15
VisualStudioVersion = 15.0.27703.2018
MinimumVisualStudioVersion = 10.0.40219.1
Project("{8BC9CEB8-8B4A-11D0-8D11-00A0C91BC942}") = "별찍기2", "별찍기2\별찍기2.vcxproj", "{ABDDB51B-1CD8-4443-9442-C43EB1E6EB68}"
EndProject
Global
	GlobalSection(SolutionConfigurationPlatforms) = preSolution
		Debug|x64 = Debug|x64
		Debug|x86 = Debug|x86
		Release|x64 = Release|x64
		Release|x86 = Release|x86
	EndGlobalSection
	GlobalSection(ProjectConfigurationPlatforms) = postSolution
		{ABDDB51B-1CD8-4443-9442-C43EB1E6EB68}.Debug|x64.ActiveCfg = Debug|x64
		{ABDDB51B-1CD8-4443-9442-C43EB1E6EB68}.Debug|x64.Build.0 = Debug|x64
		{ABDDB51B-1CD8-4443-9442-C43EB1E6EB68}.Debug|x86.ActiveCfg = Debug|Win32
		{ABDDB51B-1CD8-4443-9442-C43EB1E6EB68}.Debug|x86.Build.0 = Debug|Win32
		{ABDDB51B-1CD8-4443-9442-C43EB1E6EB68}.Release|x64.ActiveCfg = Release|x64
		{ABDDB51B-1CD8-4443-9442-C43EB1E6EB68}.Release|x64.Build.0 = Release|x64
		{ABDDB51B-1CD8-4443-9442-C43EB1E6EB68}.Release|x86.ActiveCfg = Release|Win32
		{ABDDB51B-1CD8-4443-9442-C43EB1E6EB68}.Release|x86.Build.0 = Release|Win32
	EndGlobalSection
	GlobalSection(SolutionProperties) = preSolution
		HideSolutionNode = FALSE
	EndGlobalSection
	GlobalSection(ExtensibilityGlobals) = postSolution
		SolutionGuid = {703DB0B6-7F11-4BAF-8E75-CDA1B30C3320}
	EndGlobalSection
EndGlobal
